// !$*UTF8*$!
{
	archiveVersion = 1;
	classes = {
	};
	objectVersion = 46;
	objects = {

/* Begin PBXBuildFile section */
		277EFBC91B757C9200D442B6 /* main.m in Sources */ = {isa = PBXBuildFile; fileRef = 277EFBC81B757C9200D442B6 /* main.m */; };
		277EFBCC1B757C9200D442B6 /* AppDelegate.m in Sources */ = {isa = PBXBuildFile; fileRef = 277EFBCB1B757C9200D442B6 /* AppDelegate.m */; };
		277EFBD41B757C9200D442B6 /* Images.xcassets in Resources */ = {isa = PBXBuildFile; fileRef = 277EFBD31B757C9200D442B6 /* Images.xcassets */; };
		277EFBE31B757C9200D442B6 /* HypnosisterTests.m in Sources */ = {isa = PBXBuildFile; fileRef = 277EFBE21B757C9200D442B6 /* HypnosisterTests.m */; };
		277EFBEE1B75841800D442B6 /* BNRHypnosisView.m in Sources */ = {isa = PBXBuildFile; fileRef = 277EFBED1B75841800D442B6 /* BNRHypnosisView.m */; };
/* End PBXBuildFile section */

/* Begin PBXContainerItemProxy section */
		277EFBDD1B757C9200D442B6 /* PBXContainerItemProxy */ = {
			isa = PBXContainerItemProxy;
			containerPortal = 277EFBBB1B757C9200D442B6 /* Project object */;
			proxyType = 1;
			remoteGlobalIDString = 277EFBC21B757C9200D442B6;
			remoteInfo = Hypnosister;
		};
/* End PBXContainerItemProxy section */

/* Begin PBXFileReference section */
		277EFBC31B757C9200D442B6 /* Hypnosister.app */ = {isa = PBXFileReference; explicitFileType = wrapper.application; includeInIndex = 0; path = Hypnosister.app; sourceTree = BUILT_PRODUCTS_DIR; };
		277EFBC71B757C9200D442B6 /* Info.plist */ = {isa = PBXFileReference; lastKnownFileType = text.plist.xml; path = Info.plist; sourceTree = "<group>"; };
		277EFBC81B757C9200D442B6 /* main.m */ = {isa = PBXFileReference; lastKnownFileType = sourcecode.c.objc; path = main.m; sourceTree = "<group>"; };
		277EFBCA1B757C9200D442B6 /* AppDelegate.h */ = {isa = PBXFileReference; lastKnownFileType = sourcecode.c.h; path = AppDelegate.h; sourceTree = "<group>"; };
		277EFBCB1B757C9200D442B6 /* AppDelegate.m */ = {isa = PBXFileReference; lastKnownFileType = sourcecode.c.objc; path = AppDelegate.m; sourceTree = "<group>"; };
		277EFBD31B757C9200D442B6 /* Images.xcassets */ = {isa = PBXFileReference; lastKnownFileType = folder.assetcatalog; path = Images.xcassets; sourceTree = "<group>"; };
		277EFBDC1B757C9200D442B6 /* HypnosisterTests.xctest */ = {isa = PBXFileReference; explicitFileType = wrapper.cfbundle; includeInIndex = 0; path = HypnosisterTests.xctest; sourceTree = BUILT_PRODUCTS_DIR; };
		277EFBE11B757C9200D442B6 /* Info.plist */ = {isa = PBXFileReference; lastKnownFileType = text.plist.xml; path = Info.plist; sourceTree = "<group>"; };
		277EFBE21B757C9200D442B6 /* HypnosisterTests.m */ = {isa = PBXFileReference; lastKnownFileType = sourcecode.c.objc; path = HypnosisterTests.m; sourceTree = "<group>"; };
		277EFBEC1B75841800D442B6 /* BNRHypnosisView.h */ = {isa = PBXFileReference; fileEncoding = 4; lastKnownFileType = sourcecode.c.h; path = BNRHypnosisView.h; sourceTree = "<group>"; };
		277EFBED1B75841800D442B6 /* BNRHypnosisView.m */ = {isa = PBXFileReference; fileEncoding = 4; lastKnownFileType = sourcecode.c.objc; path = BNRHypnosisView.m; sourceTree = "<group>"; };
/* End PBXFileReference section */

/* Begin PBXFrameworksBuildPhase section */
		277EFBC01B757C9200D442B6 /* Frameworks */ = {
			isa = PBXFrameworksBuildPhase;
			buildActionMask = 2147483647;
			files = (
			);
			runOnlyForDeploymentPostprocessing = 0;
		};
		277EFBD91B757C9200D442B6 /* Frameworks */ = {
			isa = PBXFrameworksBuildPhase;
			buildActionMask = 2147483647;
			files = (
			);
			runOnlyForDeploymentPostprocessing = 0;
		};
/* End PBXFrameworksBuildPhase section */

/* Begin PBXGroup section */
		277EFBBA1B757C9200D442B6 = {
			isa = PBXGroup;
			children = (
				277EFBC51B757C9200D442B6 /* Hypnosister */,
				277EFBDF1B757C9200D442B6 /* HypnosisterTests */,
				277EFBC41B757C9200D442B6 /* Products */,
			);
			sourceTree = "<group>";
		};
		277EFBC41B757C9200D442B6 /* Products */ = {
			isa = PBXGroup;
			children = (
				277EFBC31B757C9200D442B6 /* Hypnosister.app */,
				277EFBDC1B757C9200D442B6 /* HypnosisterTests.xctest */,
			);
			name = Products;
			sourceTree = "<group>";
		};
		277EFBC51B757C9200D442B6 /* Hypnosister */ = {
			isa = PBXGroup;
			children = (
				277EFBCA1B757C9200D442B6 /* AppDelegate.h */,
				277EFBCB1B757C9200D442B6 /* AppDelegate.m */,
				277EFBD31B757C9200D442B6 /* Images.xcassets */,
				277EFBC61B757C9200D442B6 /* Supporting Files */,
				277EFBEC1B75841800D442B6 /* BNRHypnosisView.h */,
				277EFBED1B75841800D442B6 /* BNRHypnosisView.m */,
			);
			path = Hypnosister;
			sourceTree = "<group>";
		};
		277EFBC61B757C9200D442B6 /* Supporting Files */ = {
			isa = PBXGroup;
			children = (
				277EFBC71B757C9200D442B6 /* Info.plist */,
				277EFBC81B757C9200D442B6 /* main.m */,
			);
			name = "Supporting Files";
			sourceTree = "<group>";
		};
		277EFBDF1B757C9200D442B6 /* HypnosisterTests */ = {
			isa = PBXGroup;
			children = (
				277EFBE21B757C9200D442B6 /* HypnosisterTests.m */,
				277EFBE01B757C9200D442B6 /* Supporting Files */,
			);
			path = HypnosisterTests;
			sourceTree = "<group>";
		};
		277EFBE01B757C9200D442B6 /* Supporting Files */ = {
			isa = PBXGroup;
			children = (
				277EFBE11B757C9200D442B6 /* Info.plist */,
			);
			name = "Supporting Files";
			sourceTree = "<group>";
		};
/* End PBXGroup section */

/* Begin PBXNativeTarget section */
		277EFBC21B757C9200D442B6 /* Hypnosister */ = {
			isa = PBXNativeTarget;
			buildConfigurationList = 277EFBE61B757C9200D442B6 /* Build configuration list for PBXNativeTarget "Hypnosister" */;
			buildPhases = (
				277EFBBF1B757C9200D442B6 /* Sources */,
				277EFBC01B757C9200D442B6 /* Frameworks */,
				277EFBC11B757C9200D442B6 /* Resources */,
			);
			buildRules = (
			);
			dependencies = (
			);
			name = Hypnosister;
			productName = Hypnosister;
			productReference = 277EFBC31B757C9200D442B6 /* Hypnosister.app */;
			productType = "com.apple.product-type.application";
		};
		277EFBDB1B757C9200D442B6 /* HypnosisterTests */ = {
			isa = PBXNativeTarget;
			buildConfigurationList = 277EFBE91B757C9200D442B6 /* Build configuration list for PBXNativeTarget "HypnosisterTests" */;
			buildPhases = (
				277EFBD81B757C9200D442B6 /* Sources */,
				277EFBD91B757C9200D442B6 /* Frameworks */,
				277EFBDA1B757C9200D442B6 /* Resources */,
			);
			buildRules = (
			);
			dependencies = (
				277EFBDE1B757C9200D442B6 /* PBXTargetDependency */,
			);
			name = HypnosisterTests;
			productName = HypnosisterTests;
			productReference = 277EFBDC1B757C9200D442B6 /* HypnosisterTests.xctest */;
			productType = "com.apple.product-type.bundle.unit-test";
		};
/* End PBXNativeTarget section */

/* Begin PBXProject section */
		277EFBBB1B757C9200D442B6 /* Project object */ = {
			isa = PBXProject;
			attributes = {
				LastUpgradeCheck = 0640;
				ORGANIZATIONNAME = "Big Nerd Ranch";
				TargetAttributes = {
					277EFBC21B757C9200D442B6 = {
						CreatedOnToolsVersion = 6.4;
					};
					277EFBDB1B757C9200D442B6 = {
						CreatedOnToolsVersion = 6.4;
						TestTargetID = 277EFBC21B757C9200D442B6;
					};
				};
			};
			buildConfigurationList = 277EFBBE1B757C9200D442B6 /* Build configuration list for PBXProject "Hypnosister" */;
			compatibilityVersion = "Xcode 3.2";
			developmentRegion = English;
			hasScannedForEncodings = 0;
			knownRegions = (
				en,
				Base,
			);
			mainGroup = 277EFBBA1B757C9200D442B6;
			productRefGroup = 277EFBC41B757C9200D442B6 /* Products */;
			projectDirPath = "";
			projectRoot = "";
			targets = (
				277EFBC21B757C9200D442B6 /* Hypnosister */,
				277EFBDB1B757C9200D442B6 /* HypnosisterTests */,
			);
		};
/* End PBXProject section */

/* Begin PBXResourcesBuildPhase section */
		277EFBC11B757C9200D442B6 /* Resources */ = {
			isa = PBXResourcesBuildPhase;
			buildActionMask = 2147483647;
			files = (
				277EFBD41B757C9200D442B6 /* Images.xcassets in Resources */,
			);
			runOnlyForDeploymentPostprocessing = 0;
		};
		277EFBDA1B757C9200D442B6 /* Resources */ = {
			isa = PBXResourcesBuildPhase;
			buildActionMask = 2147483647;
			files = (
			);
			runOnlyForDeploymentPostprocessing = 0;
		};
/* End PBXResourcesBuildPhase section */

/* Begin PBXSourcesBuildPhase section */
		277EFBBF1B757C9200D442B6 /* Sources */ = {
			isa = PBXSourcesBuildPhase;
			buildActionMask = 2147483647;
			files = (
				277EFBCC1B757C9200D442B6 /* AppDelegate.m in Sources */,
				277EFBC91B757C9200D442B6 /* main.m in Sources */,
				277EFBEE1B75841800D442B6 /* BNRHypnosisView.m in Sources */,
			);
			runOnlyForDeploymentPostprocessing = 0;
		};
		277EFBD81B757C9200D442B6 /* Sources */ = {
			isa = PBXSourcesBuildPhase;
			buildActionMask = 2147483647;
			files = (
				277EFBE31B757C9200D442B6 /* HypnosisterTests.m in Sources */,
			);
			runOnlyForDeploymentPostprocessing = 0;
		};
/* End PBXSourcesBuildPhase section */

/* Begin PBXTargetDependency section */
		277EFBDE1B757C9200D442B6 /* PBXTargetDependency */ = {
			isa = PBXTargetDependency;
			target = 277EFBC21B757C9200D442B6 /* Hypnosister */;
			targetProxy = 277EFBDD1B757C9200D442B6 /* PBXContainerItemProxy */;
		};
/* End PBXTargetDependency section */

/* Begin XCBuildConfiguration section */
		277EFBE41B757C9200D442B6 /* Debug */ = {
			isa = XCBuildConfiguration;
			buildSettings = {
				ALWAYS_SEARCH_USER_PATHS = NO;
				CLANG_CXX_LANGUAGE_STANDARD = "gnu++0x";
				CLANG_CXX_LIBRARY = "libc++";
				CLANG_ENABLE_MODULES = YES;
				CLANG_ENABLE_OBJC_ARC = YES;
				CLANG_WARN_BOOL_CONVERSION = YES;
				CLANG_WARN_CONSTANT_CONVERSION = YES;
				CLANG_WARN_DIRECT_OBJC_ISA_USAGE = YES_ERROR;
				CLANG_WARN_EMPTY_BODY = YES;
				CLANG_WARN_ENUM_CONVERSION = YES;
				CLANG_WARN_INT_CONVERSION = YES;
				CLANG_WARN_OBJC_ROOT_CLASS = YES_ERROR;
				CLANG_WARN_UNREACHABLE_CODE = YES;
				CLANG_WARN__DUPLICATE_METHOD_MATCH = YES;
				"CODE_SIGN_IDENTITY[sdk=iphoneos*]" = "iPhone Developer";
				COPY_PHASE_STRIP = NO;
				DEBUG_INFORMATION_FORMAT = "dwarf-with-dsym";
				ENABLE_STRICT_OBJC_MSGSEND = YES;
				GCC_C_LANGUAGE_STANDARD = gnu99;
				GCC_DYNAMIC_NO_PIC = NO;
				GCC_NO_COMMON_BLOCKS = YES;
				GCC_OPTIMIZATION_LEVEL = 0;
				GCC_PREPROCESSOR_DEFINITIONS = (
					"DEBUG=1",
					"$(inherited)",
				);
				GCC_SYMBOLS_PRIVATE_EXTERN = NO;
				GCC_WARN_64_TO_32_BIT_CONVERSION = YES;
				GCC_WARN_ABOUT_RETURN_TYPE = YES_ERROR;
				GCC_WARN_UNDECLARED_SELECTOR = YES;
				GCC_WARN_UNINITIALIZED_AUTOS = YES_AGGRESSIVE;
				GCC_WARN_UNUSED_FUNCTION = YES;
				GCC_WARN_UNUSED_VARIABLE = YES;
				IPHONEOS_DEPLOYMENT_TARGET = 8.4;
				MTL_ENABLE_DEBUG_INFO = YES;
				ONLY_ACTIVE_ARCH = YES;
				SDKROOT = iphoneos;
			};
			name = Debug;
		};
		277EFBE51B757C9200D442B6 /* Release */ = {
			isa = XCBuildConfiguration;
			buildSettings = {
				ALWAYS_SEARCH_USER_PATHS = NO;
				CLANG_CXX_LANGUAGE_STANDARD = "gnu++0x";
				CLANG_CXX_LIBRARY = "libc++";
				CLANG_ENABLE_MODULES = YES;
				CLANG_ENABLE_OBJC_ARC = YES;
				CLANG_WARN_BOOL_CONVERSION = YES;
				CLANG_WARN_CONSTANT_CONVERSION = YES;
				CLANG_WARN_DIRECT_OBJC_ISA_USAGE = YES_ERROR;
				CLANG_WARN_EMPTY_BODY = YES;
				CLANG_WARN_ENUM_CONVERSION = YES;
				CLANG_WARN_INT_CONVERSION = YES;
				CLANG_WARN_OBJC_ROOT_CLASS = YES_ERROR;
				CLANG_WARN_UNREACHABLE_CODE = YES;
				CLANG_WARN__DUPLICATE_METHOD_MATCH = YES;
				"CODE_SIGN_IDENTITY[sdk=iphoneos*]" = "iPhone Developer";
				COPY_PHASE_STRIP = NO;
				DEBUG_INFORMATION_FORMAT = "dwarf-with-dsym";
				ENABLE_NS_ASSERTIONS = NO;
				ENABLE_STRICT_OBJC_MSGSEND = YES;
				GCC_C_LANGUAGE_STANDARD = gnu99;
				GCC_NO_COMMON_BLOCKS = YES;
				GCC_WARN_64_TO_32_BIT_CONVERSION = YES;
				GCC_WARN_ABOUT_RETURN_TYPE = YES_ERROR;
				GCC_WARN_UNDECLARED_SELECTOR = YES;
				GCC_WARN_UNINITIALIZED_AUTOS = YES_AGGRESSIVE;
				GCC_WARN_UNUSED_FUNCTION = YES;
				GCC_WARN_UNUSED_VARIABLE = YES;
				IPHONEOS_DEPLOYMENT_TARGET = 8.4;
				MTL_ENABLE_DEBUG_INFO = NO;
				SDKROOT = iphoneos;
				VALIDATE_PRODUCT = YES;
			};
			name = Release;
		};
		277EFBE71B757C9200D442B6 /* Debug */ = {
			isa = XCBuildConfiguration;
			buildSettings = {
				ASSETCATALOG_COMPILER_APPICON_NAME = AppIcon;
				INFOPLIST_FILE = Hypnosister/Info.plist;
				LD_RUNPATH_SEARCH_PATHS = "$(inherited) @executable_path/Frameworks";
				PRODUCT_NAME = "$(TARGET_NAME)";
			};
			name = Debug;
		};
		277EFBE81B757C9200D442B6 /* Release */ = {
			isa = XCBuildConfiguration;
			buildSettings = {
				ASSETCATALOG_COMPILER_APPICON_NAME = AppIcon;
				INFOPLIST_FILE = Hypnosister/Info.plist;
				LD_RUNPATH_SEARCH_PATHS = "$(inherited) @executable_path/Frameworks";
				PRODUCT_NAME = "$(TARGET_NAME)";
			};
			name = Release;
		};
		277EFBEA1B757C9200D442B6 /* Debug */ = {
			isa = XCBuildConfiguration;
			buildSettings = {
				BUNDLE_LOADER = "$(TEST_HOST)";
				FRAMEWORK_SEARCH_PATHS = (
					"$(SDKROOT)/Developer/Library/Frameworks",
					"$(inherited)",
				);
				GCC_PREPROCESSOR_DEFINITIONS = (
					"DEBUG=1",
					"$(inherited)",
				);
				INFOPLIST_FILE = HypnosisterTests/Info.plist;
				LD_RUNPATH_SEARCH_PATHS = "$(inherited) @executable_path/Frameworks @loader_path/Frameworks";
				PRODUCT_NAME = "$(TARGET_NAME)";
				TEST_HOST = "$(BUILT_PRODUCTS_DIR)/Hypnosister.app/Hypnosister";
			};
			name = Debug;
		};
		277EFBEB1B757C9200D442B6 /* Release */ = {
			isa = XCBuildConfiguration;
			buildSettings = {
				BUNDLE_LOADER = "$(TEST_HOST)";
				FRAMEWORK_SEARCH_PATHS = (
					"$(SDKROOT)/Developer/Library/Frameworks",
					"$(inherited)",
				);
				INFOPLIST_FILE = HypnosisterTests/Info.plist;
				LD_RUNPATH_SEARCH_PATHS = "$(inherited) @executable_path/Frameworks @loader_path/Frameworks";
				PRODUCT_NAME = "$(TARGET_NAME)";
				TEST_HOST = "$(BUILT_PRODUCTS_DIR)/Hypnosister.app/Hypnosister";
			};
			name = Release;
		};
/* End XCBuildConfiguration section */

/* Begin XCConfigurationList section */
		277EFBBE1B757C9200D442B6 /* Build configuration list for PBXProject "Hypnosister" */ = {
			isa = XCConfigurationList;
			buildConfigurations = (
				277EFBE41B757C9200D442B6 /* Debug */,
				277EFBE51B757C9200D442B6 /* Release */,
			);
			defaultConfigurationIsVisible = 0;
			defaultConfigurationName = Release;
		};
		277EFBE61B757C9200D442B6 /* Build configuration list for PBXNativeTarget "Hypnosister" */ = {
			isa = XCConfigurationList;
			buildConfigurations = (
				277EFBE71B757C9200D442B6 /* Debug */,
				277EFBE81B757C9200D442B6 /* Release */,
			);
			defaultConfigurationIsVisible = 0;
			defaultConfigurationName = Release;
		};
		277EFBE91B757C9200D442B6 /* Build configuration list for PBXNativeTarget "HypnosisterTests" */ = {
			isa = XCConfigurationList;
			buildConfigurations = (
				277EFBEA1B757C9200D442B6 /* Debug */,
				277EFBEB1B757C9200D442B6 /* Release */,
			);
			defaultConfigurationIsVisible = 0;
			defaultConfigurationName = Release;
		};
/* End XCConfigurationList section */
	};
	rootObject = 277EFBBB1B757C9200D442B6 /* Project object */;
}
